// !$*UTF8*$!
{
	archiveVersion = 1;
	classes = {
	};
	objectVersion = 77;
	objects = {

/* Begin PBXContainerItemProxy section */
		470388272D37A4B700C832B0 /* PBXContainerItemProxy */ = {
			isa = PBXContainerItemProxy;
			containerPortal = 4703880D2D37A4B500C832B0 /* Project object */;
			proxyType = 1;
			remoteGlobalIDString = 470388142D37A4B500C832B0;
			remoteInfo = Hexbloop;
		};
		470388312D37A4B700C832B0 /* PBXContainerItemProxy */ = {
			isa = PBXContainerItemProxy;
			containerPortal = 4703880D2D37A4B500C832B0 /* Project object */;
			proxyType = 1;
			remoteGlobalIDString = 470388142D37A4B500C832B0;
			remoteInfo = Hexbloop;
		};
/* End PBXContainerItemProxy section */

/* Begin PBXFileReference section */
		470388152D37A4B500C832B0 /* Hexbloop.app */ = {isa = PBXFileReference; explicitFileType = wrapper.application; includeInIndex = 0; path = Hexbloop.app; sourceTree = BUILT_PRODUCTS_DIR; };
		470388262D37A4B700C832B0 /* HexbloopTests.xctest */ = {isa = PBXFileReference; explicitFileType = wrapper.cfbundle; includeInIndex = 0; path = HexbloopTests.xctest; sourceTree = BUILT_PRODUCTS_DIR; };
		470388302D37A4B700C832B0 /* HexbloopUITests.xctest */ = {isa = PBXFileReference; explicitFileType = wrapper.cfbundle; includeInIndex = 0; path = HexbloopUITests.xctest; sourceTree = BUILT_PRODUCTS_DIR; };
/* End PBXFileReference section */

/* Begin PBXFileSystemSynchronizedRootGroup section */
		470388172D37A4B500C832B0 /* Hexbloop */ = {
			isa = PBXFileSystemSynchronizedRootGroup;
			path = Hexbloop;
			sourceTree = "<group>";
		};
		470388292D37A4B700C832B0 /* HexbloopTests */ = {
			isa = PBXFileSystemSynchronizedRootGroup;
			path = HexbloopTests;
			sourceTree = "<group>";
		};
		470388332D37A4B700C832B0 /* HexbloopUITests */ = {
			isa = PBXFileSystemSynchronizedRootGroup;
			path = HexbloopUITests;
			sourceTree = "<group>";
		};
/* End PBXFileSystemSynchronizedRootGroup section */

/* Begin PBXFrameworksBuildPhase section */
		470388122D37A4B500C832B0 /* Frameworks */ = {
			isa = PBXFrameworksBuildPhase;
			buildActionMask = 2147483647;
			files = (
			);
			runOnlyForDeploymentPostprocessing = 0;
		};
		470388232D37A4B700C832B0 /* Frameworks */ = {
			isa = PBXFrameworksBuildPhase;
			buildActionMask = 2147483647;
			files = (
			);
			runOnlyForDeploymentPostprocessing = 0;
		};
		4703882D2D37A4B700C832B0 /* Frameworks */ = {
			isa = PBXFrameworksBuildPhase;
			buildActionMask = 2147483647;
			files = (
			);
			runOnlyForDeploymentPostprocessing = 0;
		};
/* End PBXFrameworksBuildPhase section */

/* Begin PBXGroup section */
		4703880C2D37A4B500C832B0 = {
			isa = PBXGroup;
			children = (
				470388172D37A4B500C832B0 /* Hexbloop */,
				470388292D37A4B700C832B0 /* HexbloopTests */,
				470388332D37A4B700C832B0 /* HexbloopUITests */,
				470388162D37A4B500C832B0 /* Products */,
			);
			sourceTree = "<group>";
		};
		470388162D37A4B500C832B0 /* Products */ = {
			isa = PBXGroup;
			children = (
				470388152D37A4B500C832B0 /* Hexbloop.app */,
				470388262D37A4B700C832B0 /* HexbloopTests.xctest */,
				470388302D37A4B700C832B0 /* HexbloopUITests.xctest */,
			);
			name = Products;
			sourceTree = "<group>";
		};
/* End PBXGroup section */

/* Begin PBXNativeTarget section */
		470388142D37A4B500C832B0 /* Hexbloop */ = {
			isa = PBXNativeTarget;
			buildConfigurationList = 4703883A2D37A4B700C832B0 /* Build configuration list for PBXNativeTarget "Hexbloop" */;
			buildPhases = (
				470388112D37A4B500C832B0 /* Sources */,
				470388122D37A4B500C832B0 /* Frameworks */,
				470388132D37A4B500C832B0 /* Resources */,
			);
			buildRules = (
			);
			dependencies = (
			);
			fileSystemSynchronizedGroups = (
				470388172D37A4B500C832B0 /* Hexbloop */,
			);
			name = Hexbloop;
			packageProductDependencies = (
			);
			productName = Hexbloop;
			productReference = 470388152D37A4B500C832B0 /* Hexbloop.app */;
			productType = "com.apple.product-type.application";
		};
		470388252D37A4B700C832B0 /* HexbloopTests */ = {
			isa = PBXNativeTarget;
			buildConfigurationList = 4703883D2D37A4B700C832B0 /* Build configuration list for PBXNativeTarget "HexbloopTests" */;
			buildPhases = (
				470388222D37A4B700C832B0 /* Sources */,
				470388232D37A4B700C832B0 /* Frameworks */,
				470388242D37A4B700C832B0 /* Resources */,
			);
			buildRules = (
			);
			dependencies = (
				470388282D37A4B700C832B0 /* PBXTargetDependency */,
			);
			fileSystemSynchronizedGroups = (
				470388292D37A4B700C832B0 /* HexbloopTests */,
			);
			name = HexbloopTests;
			packageProductDependencies = (
			);
			productName = HexbloopTests;
			productReference = 470388262D37A4B700C832B0 /* HexbloopTests.xctest */;
			productType = "com.apple.product-type.bundle.unit-test";
		};
		4703882F2D37A4B700C832B0 /* HexbloopUITests */ = {
			isa = PBXNativeTarget;
			buildConfigurationList = 470388402D37A4B700C832B0 /* Build configuration list for PBXNativeTarget "HexbloopUITests" */;
			buildPhases = (
				4703882C2D37A4B700C832B0 /* Sources */,
				4703882D2D37A4B700C832B0 /* Frameworks */,
				4703882E2D37A4B700C832B0 /* Resources */,
			);
			buildRules = (
			);
			dependencies = (
				470388322D37A4B700C832B0 /* PBXTargetDependency */,
			);
			fileSystemSynchronizedGroups = (
				470388332D37A4B700C832B0 /* HexbloopUITests */,
			);
			name = HexbloopUITests;
			packageProductDependencies = (
			);
			productName = HexbloopUITests;
			productReference = 470388302D37A4B700C832B0 /* HexbloopUITests.xctest */;
			productType = "com.apple.product-type.bundle.ui-testing";
		};
/* End PBXNativeTarget section */

/* Begin PBXProject section */
		4703880D2D37A4B500C832B0 /* Project object */ = {
			isa = PBXProject;
			attributes = {
				BuildIndependentTargetsInParallel = 1;
				LastSwiftUpdateCheck = 1620;
				LastUpgradeCheck = 1620;
				TargetAttributes = {
					470388142D37A4B500C832B0 = {
						CreatedOnToolsVersion = 16.2;
					};
					470388252D37A4B700C832B0 = {
						CreatedOnToolsVersion = 16.2;
						TestTargetID = 470388142D37A4B500C832B0;
					};
					4703882F2D37A4B700C832B0 = {
						CreatedOnToolsVersion = 16.2;
						TestTargetID = 470388142D37A4B500C832B0;
					};
				};
			};
			buildConfigurationList = 470388102D37A4B500C832B0 /* Build configuration list for PBXProject "Hexbloop" */;
			developmentRegion = en;
			hasScannedForEncodings = 0;
			knownRegions = (
				en,
				Base,
			);
			mainGroup = 4703880C2D37A4B500C832B0;
			minimizedProjectReferenceProxies = 1;
			preferredProjectObjectVersion = 77;
			productRefGroup = 470388162D37A4B500C832B0 /* Products */;
			projectDirPath = "";
			projectRoot = "";
			targets = (
				470388142D37A4B500C832B0 /* Hexbloop */,
				470388252D37A4B700C832B0 /* HexbloopTests */,
				4703882F2D37A4B700C832B0 /* HexbloopUITests */,
			);
		};
/* End PBXProject section */

/* Begin PBXResourcesBuildPhase section */
		470388132D37A4B500C832B0 /* Resources */ = {
			isa = PBXResourcesBuildPhase;
			buildActionMask = 2147483647;
			files = (
			);
			runOnlyForDeploymentPostprocessing = 0;
		};
		470388242D37A4B700C832B0 /* Resources */ = {
			isa = PBXResourcesBuildPhase;
			buildActionMask = 2147483647;
			files = (
			);
			runOnlyForDeploymentPostprocessing = 0;
		};
		4703882E2D37A4B700C832B0 /* Resources */ = {
			isa = PBXResourcesBuildPhase;
			buildActionMask = 2147483647;
			files = (
			);
			runOnlyForDeploymentPostprocessing = 0;
		};
/* End PBXResourcesBuildPhase section */

/* Begin PBXSourcesBuildPhase section */
		470388112D37A4B500C832B0 /* Sources */ = {
			isa = PBXSourcesBuildPhase;
			buildActionMask = 2147483647;
			files = (
			);
			runOnlyForDeploymentPostprocessing = 0;
		};
		470388222D37A4B700C832B0 /* Sources */ = {
			isa = PBXSourcesBuildPhase;
			buildActionMask = 2147483647;
			files = (
			);
			runOnlyForDeploymentPostprocessing = 0;
		};
		4703882C2D37A4B700C832B0 /* Sources */ = {
			isa = PBXSourcesBuildPhase;
			buildActionMask = 2147483647;
			files = (
			);
			runOnlyForDeploymentPostprocessing = 0;
		};
/* End PBXSourcesBuildPhase section */

/* Begin PBXTargetDependency section */
		470388282D37A4B700C832B0 /* PBXTargetDependency */ = {
			isa = PBXTargetDependency;
			target = 470388142D37A4B500C832B0 /* Hexbloop */;
			targetProxy = 470388272D37A4B700C832B0 /* PBXContainerItemProxy */;
		};
		470388322D37A4B700C832B0 /* PBXTargetDependency */ = {
			isa = PBXTargetDependency;
			target = 470388142D37A4B500C832B0 /* Hexbloop */;
			targetProxy = 470388312D37A4B700C832B0 /* PBXContainerItemProxy */;
		};
/* End PBXTargetDependency section */

/* Begin XCBuildConfiguration section */
		470388382D37A4B700C832B0 /* Debug */ = {
			isa = XCBuildConfiguration;
			buildSettings = {
				ALWAYS_SEARCH_USER_PATHS = NO;
				ASSETCATALOG_COMPILER_GENERATE_SWIFT_ASSET_SYMBOL_EXTENSIONS = YES;
				CLANG_ANALYZER_NONNULL = YES;
				CLANG_ANALYZER_NUMBER_OBJECT_CONVERSION = YES_AGGRESSIVE;
				CLANG_CXX_LANGUAGE_STANDARD = "gnu++20";
				CLANG_ENABLE_MODULES = YES;
				CLANG_ENABLE_OBJC_ARC = YES;
				CLANG_ENABLE_OBJC_WEAK = YES;
				CLANG_WARN_BLOCK_CAPTURE_AUTORELEASING = YES;
				CLANG_WARN_BOOL_CONVERSION = YES;
				CLANG_WARN_COMMA = YES;
				CLANG_WARN_CONSTANT_CONVERSION = YES;
				CLANG_WARN_DEPRECATED_OBJC_IMPLEMENTATIONS = YES;
				CLANG_WARN_DIRECT_OBJC_ISA_USAGE = YES_ERROR;
				CLANG_WARN_DOCUMENTATION_COMMENTS = YES;
				CLANG_WARN_EMPTY_BODY = YES;
				CLANG_WARN_ENUM_CONVERSION = YES;
				CLANG_WARN_INFINITE_RECURSION = YES;
				CLANG_WARN_INT_CONVERSION = YES;
				CLANG_WARN_NON_LITERAL_NULL_CONVERSION = YES;
				CLANG_WARN_OBJC_IMPLICIT_RETAIN_SELF = YES;
				CLANG_WARN_OBJC_LITERAL_CONVERSION = YES;
				CLANG_WARN_OBJC_ROOT_CLASS = YES_ERROR;
				CLANG_WARN_QUOTED_INCLUDE_IN_FRAMEWORK_HEADER = YES;
				CLANG_WARN_RANGE_LOOP_ANALYSIS = YES;
				CLANG_WARN_STRICT_PROTOTYPES = YES;
				CLANG_WARN_SUSPICIOUS_MOVE = YES;
				CLANG_WARN_UNGUARDED_AVAILABILITY = YES_AGGRESSIVE;
				CLANG_WARN_UNREACHABLE_CODE = YES;
				CLANG_WARN__DUPLICATE_METHOD_MATCH = YES;
				COPY_PHASE_STRIP = NO;
				DEBUG_INFORMATION_FORMAT = dwarf;
				ENABLE_STRICT_OBJC_MSGSEND = YES;
				ENABLE_TESTABILITY = YES;
				ENABLE_USER_SCRIPT_SANDBOXING = YES;
				GCC_C_LANGUAGE_STANDARD = gnu17;
				GCC_DYNAMIC_NO_PIC = NO;
				GCC_NO_COMMON_BLOCKS = YES;
				GCC_OPTIMIZATION_LEVEL = 0;
				GCC_PREPROCESSOR_DEFINITIONS = (
					"DEBUG=1",
					"$(inherited)",
				);
				GCC_WARN_64_TO_32_BIT_CONVERSION = YES;
				GCC_WARN_ABOUT_RETURN_TYPE = YES_ERROR;
				GCC_WARN_UNDECLARED_SELECTOR = YES;
				GCC_WARN_UNINITIALIZED_AUTOS = YES_AGGRESSIVE;
				GCC_WARN_UNUSED_FUNCTION = YES;
				GCC_WARN_UNUSED_VARIABLE = YES;
				LOCALIZATION_PREFERS_STRING_CATALOGS = YES;
				MACOSX_DEPLOYMENT_TARGET = 15.2;
				MTL_ENABLE_DEBUG_INFO = INCLUDE_SOURCE;
				MTL_FAST_MATH = YES;
				ONLY_ACTIVE_ARCH = YES;
				SDKROOT = macosx;
				SWIFT_ACTIVE_COMPILATION_CONDITIONS = "DEBUG $(inherited)";
				SWIFT_OPTIMIZATION_LEVEL = "-Onone";
			};
			name = Debug;
		};
		470388392D37A4B700C832B0 /* Release */ = {
			isa = XCBuildConfiguration;
			buildSettings = {
				ALWAYS_SEARCH_USER_PATHS = NO;
				ASSETCATALOG_COMPILER_GENERATE_SWIFT_ASSET_SYMBOL_EXTENSIONS = YES;
				CLANG_ANALYZER_NONNULL = YES;
				CLANG_ANALYZER_NUMBER_OBJECT_CONVERSION = YES_AGGRESSIVE;
				CLANG_CXX_LANGUAGE_STANDARD = "gnu++20";
				CLANG_ENABLE_MODULES = YES;
				CLANG_ENABLE_OBJC_ARC = YES;
				CLANG_ENABLE_OBJC_WEAK = YES;
				CLANG_WARN_BLOCK_CAPTURE_AUTORELEASING = YES;
				CLANG_WARN_BOOL_CONVERSION = YES;
				CLANG_WARN_COMMA = YES;
				CLANG_WARN_CONSTANT_CONVERSION = YES;
				CLANG_WARN_DEPRECATED_OBJC_IMPLEMENTATIONS = YES;
				CLANG_WARN_DIRECT_OBJC_ISA_USAGE = YES_ERROR;
				CLANG_WARN_DOCUMENTATION_COMMENTS = YES;
				CLANG_WARN_EMPTY_BODY = YES;
				CLANG_WARN_ENUM_CONVERSION = YES;
				CLANG_WARN_INFINITE_RECURSION = YES;
				CLANG_WARN_INT_CONVERSION = YES;
				CLANG_WARN_NON_LITERAL_NULL_CONVERSION = YES;
				CLANG_WARN_OBJC_IMPLICIT_RETAIN_SELF = YES;
				CLANG_WARN_OBJC_LITERAL_CONVERSION = YES;
				CLANG_WARN_OBJC_ROOT_CLASS = YES_ERROR;
				CLANG_WARN_QUOTED_INCLUDE_IN_FRAMEWORK_HEADER = YES;
				CLANG_WARN_RANGE_LOOP_ANALYSIS = YES;
				CLANG_WARN_STRICT_PROTOTYPES = YES;
				CLANG_WARN_SUSPICIOUS_MOVE = YES;
				CLANG_WARN_UNGUARDED_AVAILABILITY = YES_AGGRESSIVE;
				CLANG_WARN_UNREACHABLE_CODE = YES;
				CLANG_WARN__DUPLICATE_METHOD_MATCH = YES;
				COPY_PHASE_STRIP = NO;
				DEBUG_INFORMATION_FORMAT = "dwarf-with-dsym";
				ENABLE_NS_ASSERTIONS = NO;
				ENABLE_STRICT_OBJC_MSGSEND = YES;
				ENABLE_USER_SCRIPT_SANDBOXING = YES;
				GCC_C_LANGUAGE_STANDARD = gnu17;
				GCC_NO_COMMON_BLOCKS = YES;
				GCC_WARN_64_TO_32_BIT_CONVERSION = YES;
				GCC_WARN_ABOUT_RETURN_TYPE = YES_ERROR;
				GCC_WARN_UNDECLARED_SELECTOR = YES;
				GCC_WARN_UNINITIALIZED_AUTOS = YES_AGGRESSIVE;
				GCC_WARN_UNUSED_FUNCTION = YES;
				GCC_WARN_UNUSED_VARIABLE = YES;
				LOCALIZATION_PREFERS_STRING_CATALOGS = YES;
				MACOSX_DEPLOYMENT_TARGET = 15.2;
				MTL_ENABLE_DEBUG_INFO = NO;
				MTL_FAST_MATH = YES;
				SDKROOT = macosx;
				SWIFT_COMPILATION_MODE = wholemodule;
			};
			name = Release;
		};
		4703883B2D37A4B700C832B0 /* Debug */ = {
			isa = XCBuildConfiguration;
			buildSettings = {
				ASSETCATALOG_COMPILER_APPICON_NAME = AppIcon;
				ASSETCATALOG_COMPILER_GLOBAL_ACCENT_COLOR_NAME = AccentColor;
				CODE_SIGN_ENTITLEMENTS = Hexbloop/Hexbloop.entitlements;
				CODE_SIGN_STYLE = Automatic;
				COMBINE_HIDPI_IMAGES = YES;
				CURRENT_PROJECT_VERSION = 1;
				DEVELOPMENT_ASSET_PATHS = "\"Hexbloop/Preview Content\"";
				ENABLE_PREVIEWS = YES;
				GENERATE_INFOPLIST_FILE = YES;
				INFOPLIST_KEY_NSHumanReadableCopyright = "";
				LD_RUNPATH_SEARCH_PATHS = (
					"$(inherited)",
					"@executable_path/../Frameworks",
				);
				MARKETING_VERSION = 1.0;
				PRODUCT_BUNDLE_IDENTIFIER = "Bone-Soup.Hexbloop";
				PRODUCT_NAME = "$(TARGET_NAME)";
				SWIFT_EMIT_LOC_STRINGS = YES;
				SWIFT_VERSION = 5.0;
			};
			name = Debug;
		};
		4703883C2D37A4B700C832B0 /* Release */ = {
			isa = XCBuildConfiguration;
			buildSettings = {
				ASSETCATALOG_COMPILER_APPICON_NAME = AppIcon;
				ASSETCATALOG_COMPILER_GLOBAL_ACCENT_COLOR_NAME = AccentColor;
				CODE_SIGN_ENTITLEMENTS = Hexbloop/Hexbloop.entitlements;
				CODE_SIGN_STYLE = Automatic;
				COMBINE_HIDPI_IMAGES = YES;
				CURRENT_PROJECT_VERSION = 1;
				DEVELOPMENT_ASSET_PATHS = "\"Hexbloop/Preview Content\"";
				ENABLE_PREVIEWS = YES;
				GENERATE_INFOPLIST_FILE = YES;
				INFOPLIST_KEY_NSHumanReadableCopyright = "";
				LD_RUNPATH_SEARCH_PATHS = (
					"$(inherited)",
					"@executable_path/../Frameworks",
				);
				MARKETING_VERSION = 1.0;
				PRODUCT_BUNDLE_IDENTIFIER = "Bone-Soup.Hexbloop";
				PRODUCT_NAME = "$(TARGET_NAME)";
				SWIFT_EMIT_LOC_STRINGS = YES;
				SWIFT_VERSION = 5.0;
			};
			name = Release;
		};
		4703883E2D37A4B700C832B0 /* Debug */ = {
			isa = XCBuildConfiguration;
			buildSettings = {
				BUNDLE_LOADER = "$(TEST_HOST)";
				CODE_SIGN_STYLE = Automatic;
				CURRENT_PROJECT_VERSION = 1;
				GENERATE_INFOPLIST_FILE = YES;
				MACOSX_DEPLOYMENT_TARGET = 15.2;
				MARKETING_VERSION = 1.0;
				PRODUCT_BUNDLE_IDENTIFIER = "Bone-Soup.HexbloopTests";
				PRODUCT_NAME = "$(TARGET_NAME)";
				SWIFT_EMIT_LOC_STRINGS = NO;
				SWIFT_VERSION = 5.0;
				TEST_HOST = "$(BUILT_PRODUCTS_DIR)/Hexbloop.app/$(BUNDLE_EXECUTABLE_FOLDER_PATH)/Hexbloop";
			};
			name = Debug;
		};
		4703883F2D37A4B700C832B0 /* Release */ = {
			isa = XCBuildConfiguration;
			buildSettings = {
				BUNDLE_LOADER = "$(TEST_HOST)";
				CODE_SIGN_STYLE = Automatic;
				CURRENT_PROJECT_VERSION = 1;
				GENERATE_INFOPLIST_FILE = YES;
				MACOSX_DEPLOYMENT_TARGET = 15.2;
				MARKETING_VERSION = 1.0;
				PRODUCT_BUNDLE_IDENTIFIER = "Bone-Soup.HexbloopTests";
				PRODUCT_NAME = "$(TARGET_NAME)";
				SWIFT_EMIT_LOC_STRINGS = NO;
				SWIFT_VERSION = 5.0;
				TEST_HOST = "$(BUILT_PRODUCTS_DIR)/Hexbloop.app/$(BUNDLE_EXECUTABLE_FOLDER_PATH)/Hexbloop";
			};
			name = Release;
		};
		470388412D37A4B700C832B0 /* Debug */ = {
			isa = XCBuildConfiguration;
			buildSettings = {
				CODE_SIGN_STYLE = Automatic;
				CURRENT_PROJECT_VERSION = 1;
				GENERATE_INFOPLIST_FILE = YES;
				MARKETING_VERSION = 1.0;
				PRODUCT_BUNDLE_IDENTIFIER = "Bone-Soup.HexbloopUITests";
				PRODUCT_NAME = "$(TARGET_NAME)";
				SWIFT_EMIT_LOC_STRINGS = NO;
				SWIFT_VERSION = 5.0;
				TEST_TARGET_NAME = Hexbloop;
			};
			name = Debug;
		};
		470388422D37A4B700C832B0 /* Release */ = {
			isa = XCBuildConfiguration;
			buildSettings = {
				CODE_SIGN_STYLE = Automatic;
				CURRENT_PROJECT_VERSION = 1;
				GENERATE_INFOPLIST_FILE = YES;
				MARKETING_VERSION = 1.0;
				PRODUCT_BUNDLE_IDENTIFIER = "Bone-Soup.HexbloopUITests";
				PRODUCT_NAME = "$(TARGET_NAME)";
				SWIFT_EMIT_LOC_STRINGS = NO;
				SWIFT_VERSION = 5.0;
				TEST_TARGET_NAME = Hexbloop;
			};
			name = Release;
		};
/* End XCBuildConfiguration section */

/* Begin XCConfigurationList section */
		470388102D37A4B500C832B0 /* Build configuration list for PBXProject "Hexbloop" */ = {
			isa = XCConfigurationList;
			buildConfigurations = (
				470388382D37A4B700C832B0 /* Debug */,
				470388392D37A4B700C832B0 /* Release */,
			);
			defaultConfigurationIsVisible = 0;
			defaultConfigurationName = Release;
		};
		4703883A2D37A4B700C832B0 /* Build configuration list for PBXNativeTarget "Hexbloop" */ = {
			isa = XCConfigurationList;
			buildConfigurations = (
				4703883B2D37A4B700C832B0 /* Debug */,
				4703883C2D37A4B700C832B0 /* Release */,
			);
			defaultConfigurationIsVisible = 0;
			defaultConfigurationName = Release;
		};
		4703883D2D37A4B700C832B0 /* Build configuration list for PBXNativeTarget "HexbloopTests" */ = {
			isa = XCConfigurationList;
			buildConfigurations = (
				4703883E2D37A4B700C832B0 /* Debug */,
				4703883F2D37A4B700C832B0 /* Release */,
			);
			defaultConfigurationIsVisible = 0;
			defaultConfigurationName = Release;
		};
		470388402D37A4B700C832B0 /* Build configuration list for PBXNativeTarget "HexbloopUITests" */ = {
			isa = XCConfigurationList;
			buildConfigurations = (
				470388412D37A4B700C832B0 /* Debug */,
				470388422D37A4B700C832B0 /* Release */,
			);
			defaultConfigurationIsVisible = 0;
			defaultConfigurationName = Release;
		};
/* End XCConfigurationList section */
	};
	rootObject = 4703880D2D37A4B500C832B0 /* Project object */;
}
